
Microsoft Visual Studio Solution File, Format Version 12.00
# Visual Studio Version 16
VisualStudioVersion = 16.0.31911.196
MinimumVisualStudioVersion = 10.0.40219.1
Project("{8BC9CEB8-8B4A-11D0-8D11-00A0C91BC942}") = "Client", "Client\Client.vcxproj", "{F983940C-BCE6-4FF6-B99E-60028C4D8152}"
EndProject
Project("{8BC9CEB8-8B4A-11D0-8D11-00A0C91BC942}") = "Server", "Server\Server.vcxproj", "{2D5B06DD-4EA7-47FA-B4CF-150953343A87}"
EndProject
Project("{8BC9CEB8-8B4A-11D0-8D11-00A0C91BC942}") = "Client.Tests", "Client.Tests\Client.Tests.vcxproj", "{BB3B80C6-B3DF-4106-AF0E-DC23DDBF6E8F}"
EndProject
Project("{8BC9CEB8-8B4A-11D0-8D11-00A0C91BC942}") = "Server.Tests", "Server.Tests\Server.Tests.vcxproj", "{C6AEA347-844B-4B5F-9B7F-E7BD791F7A73}"
EndProject
Project("{8BC9CEB8-8B4A-11D0-8D11-00A0C91BC942}") = "Communication", "Communication\Communication.vcxproj", "{D82E706C-7F0F-483C-BC67-E2F254A70158}"
EndProject
Global
	GlobalSection(SolutionConfigurationPlatforms) = preSolution
		Debug|x64 = Debug|x64
		Debug|x86 = Debug|x86
		Release|x64 = Release|x64
		Release|x86 = Release|x86
	EndGlobalSection
	GlobalSection(ProjectConfigurationPlatforms) = postSolution
		{F983940C-BCE6-4FF6-B99E-60028C4D8152}.Debug|x64.ActiveCfg = Debug|x64
		{F983940C-BCE6-4FF6-B99E-60028C4D8152}.Debug|x64.Build.0 = Debug|x64
		{F983940C-BCE6-4FF6-B99E-60028C4D8152}.Debug|x86.ActiveCfg = Debug|Win32
		{F983940C-BCE6-4FF6-B99E-60028C4D8152}.Debug|x86.Build.0 = Debug|Win32
		{F983940C-BCE6-4FF6-B99E-60028C4D8152}.Release|x64.ActiveCfg = Release|x64
		{F983940C-BCE6-4FF6-B99E-60028C4D8152}.Release|x64.Build.0 = Release|x64
		{F983940C-BCE6-4FF6-B99E-60028C4D8152}.Release|x86.ActiveCfg = Release|Win32
		{F983940C-BCE6-4FF6-B99E-60028C4D8152}.Release|x86.Build.0 = Release|Win32
		{2D5B06DD-4EA7-47FA-B4CF-150953343A87}.Debug|x64.ActiveCfg = Debug|x64
		{2D5B06DD-4EA7-47FA-B4CF-150953343A87}.Debug|x64.Build.0 = Debug|x64
		{2D5B06DD-4EA7-47FA-B4CF-150953343A87}.Debug|x86.ActiveCfg = Debug|Win32
		{2D5B06DD-4EA7-47FA-B4CF-150953343A87}.Debug|x86.Build.0 = Debug|Win32
		{2D5B06DD-4EA7-47FA-B4CF-150953343A87}.Release|x64.ActiveCfg = Release|x64
		{2D5B06DD-4EA7-47FA-B4CF-150953343A87}.Release|x64.Build.0 = Release|x64
		{2D5B06DD-4EA7-47FA-B4CF-150953343A87}.Release|x86.ActiveCfg = Release|Win32
		{2D5B06DD-4EA7-47FA-B4CF-150953343A87}.Release|x86.Build.0 = Release|Win32
		{BB3B80C6-B3DF-4106-AF0E-DC23DDBF6E8F}.Debug|x64.ActiveCfg = Debug|x64
		{BB3B80C6-B3DF-4106-AF0E-DC23DDBF6E8F}.Debug|x64.Build.0 = Debug|x64
		{BB3B80C6-B3DF-4106-AF0E-DC23DDBF6E8F}.Debug|x86.ActiveCfg = Debug|Win32
		{BB3B80C6-B3DF-4106-AF0E-DC23DDBF6E8F}.Debug|x86.Build.0 = Debug|Win32
		{BB3B80C6-B3DF-4106-AF0E-DC23DDBF6E8F}.Release|x64.ActiveCfg = Release|x64
		{BB3B80C6-B3DF-4106-AF0E-DC23DDBF6E8F}.Release|x64.Build.0 = Release|x64
		{BB3B80C6-B3DF-4106-AF0E-DC23DDBF6E8F}.Release|x86.ActiveCfg = Release|Win32
		{BB3B80C6-B3DF-4106-AF0E-DC23DDBF6E8F}.Release|x86.Build.0 = Release|Win32
		{C6AEA347-844B-4B5F-9B7F-E7BD791F7A73}.Debug|x64.ActiveCfg = Debug|x64
		{C6AEA347-844B-4B5F-9B7F-E7BD791F7A73}.Debug|x64.Build.0 = Debug|x64
		{C6AEA347-844B-4B5F-9B7F-E7BD791F7A73}.Debug|x86.ActiveCfg = Debug|Win32
		{C6AEA347-844B-4B5F-9B7F-E7BD791F7A73}.Debug|x86.Build.0 = Debug|Win32
		{C6AEA347-844B-4B5F-9B7F-E7BD791F7A73}.Release|x64.ActiveCfg = Release|x64
		{C6AEA347-844B-4B5F-9B7F-E7BD791F7A73}.Release|x64.Build.0 = Release|x64
		{C6AEA347-844B-4B5F-9B7F-E7BD791F7A73}.Release|x86.ActiveCfg = Release|Win32
		{C6AEA347-844B-4B5F-9B7F-E7BD791F7A73}.Release|x86.Build.0 = Release|Win32
		{D82E706C-7F0F-483C-BC67-E2F254A70158}.Debug|x64.ActiveCfg = Debug|x64
		{D82E706C-7F0F-483C-BC67-E2F254A70158}.Debug|x64.Build.0 = Debug|x64
		{D82E706C-7F0F-483C-BC67-E2F254A70158}.Debug|x86.ActiveCfg = Debug|Win32
		{D82E706C-7F0F-483C-BC67-E2F254A70158}.Debug|x86.Build.0 = Debug|Win32
		{D82E706C-7F0F-483C-BC67-E2F254A70158}.Release|x64.ActiveCfg = Release|x64
		{D82E706C-7F0F-483C-BC67-E2F254A70158}.Release|x64.Build.0 = Release|x64
		{D82E706C-7F0F-483C-BC67-E2F254A70158}.Release|x86.ActiveCfg = Release|Win32
		{D82E706C-7F0F-483C-BC67-E2F254A70158}.Release|x86.Build.0 = Release|Win32
	EndGlobalSection
	GlobalSection(SolutionProperties) = preSolution
		HideSolutionNode = FALSE
	EndGlobalSection
	GlobalSection(ExtensibilityGlobals) = postSolution
		SolutionGuid = {C70C4770-2F5C-4327-940F-3B9F4C9D5F1D}
	EndGlobalSection
EndGlobal
