<?xml version="1.0" encoding="utf-8"?>
<Project ToolsVersion="4.0" xmlns="http://schemas.microsoft.com/developer/msbuild/2003">
  <ItemGroup>
    <Filter Include="Source Files">
      <UniqueIdentifier>{4FC737F1-C7A5-4376-A066-2A32D752A2FF}</UniqueIdentifier>
      <Extensions>cpp;c;cc;cxx;c++;cppm;ixx;def;odl;idl;hpj;bat;asm;asmx</Extensions>
    </Filter>
    <Filter Include="Header Files">
      <UniqueIdentifier>{93995380-89BD-4b04-88EB-625FBE52EBFB}</UniqueIdentifier>
      <Extensions>h;hh;hpp;hxx;h++;hm;inl;inc;ipp;xsd</Extensions>
    </Filter>
    <Filter Include="Resource Files">
      <UniqueIdentifier>{67DA6AB6-F800-4c08-8B7A-83BB121AAD01}</UniqueIdentifier>
      <Extensions>rc;ico;cur;bmp;dlg;rc2;rct;bin;rgs;gif;jpg;jpeg;jpe;resx;tiff;tif;png;wav;mfcribbon-ms</Extensions>
    </Filter>
  </ItemGroup>
  <ItemGroup>
    <ClInclude Include="pch.h">
      <Filter>Resource Files</Filter>
    </ClInclude>
    <ClInclude Include="Animation.h">
      <Filter>Header Files</Filter>
    </ClInclude>
    <ClInclude Include="Authorization.h">
      <Filter>Header Files</Filter>
    </ClInclude>
    <ClInclude Include="ClientRequest.h">
      <Filter>Header Files</Filter>
    </ClInclude>
    <ClInclude Include="Command.h">
      <Filter>Header Files</Filter>
    </ClInclude>
    <ClInclude Include="CommandAction.h">
      <Filter>Header Files</Filter>
    </ClInclude>
    <ClInclude Include="CommandBuilder.h">
      <Filter>Header Files</Filter>
    </ClInclude>
    <ClInclude Include="Create.h">
      <Filter>Header Files</Filter>
    </ClInclude>
    <ClInclude Include="IAnimation.h">
      <Filter>Header Files</Filter>
    </ClInclude>
    <ClInclude Include="IAuthorization.h">
      <Filter>Header Files</Filter>
    </ClInclude>
    <ClInclude Include="IClientRequest.h">
      <Filter>Header Files</Filter>
    </ClInclude>
    <ClInclude Include="ICommand.h">
      <Filter>Header Files</Filter>
    </ClInclude>
    <ClInclude Include="ICommandBuilder.h">
      <Filter>Header Files</Filter>
    </ClInclude>
    <ClInclude Include="IContainer.h">
      <Filter>Header Files</Filter>
    </ClInclude>
    <ClInclude Include="IPV4Address.h">
      <Filter>Header Files</Filter>
    </ClInclude>
    <ClInclude Include="IRemoteResponder.h">
      <Filter>Header Files</Filter>
    </ClInclude>
    <ClInclude Include="IResponder.h">
      <Filter>Header Files</Filter>
    </ClInclude>
    <ClInclude Include="IResult.h">
      <Filter>Header Files</Filter>
    </ClInclude>
    <ClInclude Include="ISerializable.h">
      <Filter>Header Files</Filter>
    </ClInclude>
    <ClInclude Include="ISerializationGroup.h">
      <Filter>Header Files</Filter>
    </ClInclude>
    <ClInclude Include="IServerResponse.h">
      <Filter>Header Files</Filter>
    </ClInclude>
    <ClInclude Include="IStatus.h">
      <Filter>Header Files</Filter>
    </ClInclude>
    <ClInclude Include="ITypeConstructor.h">
      <Filter>Header Files</Filter>
    </ClInclude>
    <ClInclude Include="RemoteTcpServer.h">
      <Filter>Header Files</Filter>
    </ClInclude>
    <ClInclude Include="Result.h">
      <Filter>Header Files</Filter>
    </ClInclude>
    <ClInclude Include="rPtr.h">
      <Filter>Header Files</Filter>
    </ClInclude>
    <ClInclude Include="SerializationGroup.h">
      <Filter>Header Files</Filter>
    </ClInclude>
    <ClInclude Include="ServerResponse.h">
      <Filter>Header Files</Filter>
    </ClInclude>
    <ClInclude Include="Stat.h">
      <Filter>Header Files</Filter>
    </ClInclude>
    <ClInclude Include="Status.h">
      <Filter>Header Files</Filter>
    </ClInclude>
    <ClInclude Include="TcpHost.h">
      <Filter>Header Files</Filter>
    </ClInclude>
    <ClInclude Include="TypeConstructor.h">
      <Filter>Header Files</Filter>
    </ClInclude>
    <ClInclude Include="Music.h">
      <Filter>Header Files</Filter>
    </ClInclude>
    <ClInclude Include="ErrorSerialization.h">
      <Filter>Header Files</Filter>
    </ClInclude>
  </ItemGroup>
  <ItemGroup>
    <ClCompile Include="Animation.cpp">
      <Filter>Source Files</Filter>
    </ClCompile>
    <ClCompile Include="Authorization.cpp">
      <Filter>Source Files</Filter>
    </ClCompile>
    <ClCompile Include="ClientRequest.cpp">
      <Filter>Source Files</Filter>
    </ClCompile>
    <ClCompile Include="Command.cpp">
      <Filter>Source Files</Filter>
    </ClCompile>
    <ClCompile Include="CommandAction.cpp">
      <Filter>Source Files</Filter>
    </ClCompile>
    <ClCompile Include="CommandBuilder.cpp">
      <Filter>Source Files</Filter>
    </ClCompile>
    <ClCompile Include="Create.cpp">
      <Filter>Source Files</Filter>
    </ClCompile>
    <ClCompile Include="IAnimation.cpp">
      <Filter>Source Files</Filter>
    </ClCompile>
    <ClCompile Include="IAuthorization.cpp">
      <Filter>Source Files</Filter>
    </ClCompile>
    <ClCompile Include="IClientRequest.cpp">
      <Filter>Source Files</Filter>
    </ClCompile>
    <ClCompile Include="ICommand.cpp">
      <Filter>Source Files</Filter>
    </ClCompile>
    <ClCompile Include="ICommandBuilder.cpp">
      <Filter>Source Files</Filter>
    </ClCompile>
    <ClCompile Include="IPV4Address.cpp">
      <Filter>Source Files</Filter>
    </ClCompile>
    <ClCompile Include="IRemoteResponder.cpp">
      <Filter>Source Files</Filter>
    </ClCompile>
    <ClCompile Include="IResponder.cpp">
      <Filter>Source Files</Filter>
    </ClCompile>
    <ClCompile Include="ISerializable.cpp">
      <Filter>Source Files</Filter>
    </ClCompile>
    <ClCompile Include="ISerializationGroup.cpp">
      <Filter>Source Files</Filter>
    </ClCompile>
    <ClCompile Include="IServerResponse.cpp">
      <Filter>Source Files</Filter>
    </ClCompile>
    <ClCompile Include="IStatus.cpp">
      <Filter>Source Files</Filter>
    </ClCompile>
    <ClCompile Include="RemoteTcpServer.cpp">
      <Filter>Source Files</Filter>
    </ClCompile>
    <ClCompile Include="Result.cpp">
      <Filter>Source Files</Filter>
    </ClCompile>
    <ClCompile Include="rPtr.cpp">
      <Filter>Source Files</Filter>
    </ClCompile>
    <ClCompile Include="SerializationGroup.cpp">
      <Filter>Source Files</Filter>
    </ClCompile>
    <ClCompile Include="ServerResponse.cpp">
      <Filter>Source Files</Filter>
    </ClCompile>
    <ClCompile Include="Stat.cpp">
      <Filter>Source Files</Filter>
    </ClCompile>
    <ClCompile Include="Status.cpp">
      <Filter>Source Files</Filter>
    </ClCompile>
    <ClCompile Include="TcpHost.cpp">
      <Filter>Source Files</Filter>
    </ClCompile>
    <ClCompile Include="TypeConstructor.cpp">
      <Filter>Source Files</Filter>
    </ClCompile>
    <ClCompile Include="Music.cpp">
      <Filter>Source Files</Filter>
    </ClCompile>
    <ClCompile Include="ErrorSerialization.cpp">
      <Filter>Source Files</Filter>
    </ClCompile>
  </ItemGroup>
</Project>